
Microsoft Visual Studio Solution File, Format Version 12.00
# Visual Studio Version 16
VisualStudioVersion = 16.0.29911.84
MinimumVisualStudioVersion = 10.0.40219.1
Project("{9A19103F-16F7-4668-BE54-9A1E7A4F7556}") = "Esd_API", "Esd_API\Esd_API.csproj", "{1B7D9C37-1C51-4552-A881-3715F0D25082}"
EndProject
Project("{9A19103F-16F7-4668-BE54-9A1E7A4F7556}") = "Business", "Business\Business.csproj", "{F192FBD9-2AF7-4F94-8AD0-FD42D05CD92B}"
EndProject
Project("{9A19103F-16F7-4668-BE54-9A1E7A4F7556}") = "SqlRepository", "Repository1\SqlRepository.csproj", "{D2ACA49E-5FFF-4D2C-92F3-D664723F9DC3}"
EndProject
Project("{9A19103F-16F7-4668-BE54-9A1E7A4F7556}") = "Model", "Model\Model.csproj", "{5F0DBE2C-7DDD-4C78-8C7F-CDD1D16BF902}"
EndProject
Project("{9A19103F-16F7-4668-BE54-9A1E7A4F7556}") = "RepositoryFramework", "RepositoryFramework\RepositoryFramework.csproj", "{84DD735B-3874-4F1B-A2D5-EFC90B478FF4}"
EndProject
Project("{2150E333-8FDC-42A3-9474-1A3956D46DE8}") = "NuGet", "NuGet", "{5CEE840D-BF4B-4C19-9C93-BA472BF508C9}"
EndProject
Project("{2150E333-8FDC-42A3-9474-1A3956D46DE8}") = "Solution", "Solution", "{307457CB-C258-4D1D-A17E-566A8C8DF57F}"
EndProject
Project("{9A19103F-16F7-4668-BE54-9A1E7A4F7556}") = "ApiFramework", "ApiFramework\ApiFramework.csproj", "{A4CD90D6-03B6-404D-B1EF-25F88864C6EB}"
EndProject
Project("{FAE04EC0-301F-11D3-BF4B-00C04F79EFBC}") = "SqlRepositoryTests", "SqlRepositoryTests\SqlRepositoryTests.csproj", "{BA9769EE-66FB-42C5-B0FC-B0747B169E33}"
EndProject
Global
	GlobalSection(SolutionConfigurationPlatforms) = preSolution
		Debug|Any CPU = Debug|Any CPU
		Release|Any CPU = Release|Any CPU
	EndGlobalSection
	GlobalSection(ProjectConfigurationPlatforms) = postSolution
		{1B7D9C37-1C51-4552-A881-3715F0D25082}.Debug|Any CPU.ActiveCfg = Debug|Any CPU
		{1B7D9C37-1C51-4552-A881-3715F0D25082}.Debug|Any CPU.Build.0 = Debug|Any CPU
		{1B7D9C37-1C51-4552-A881-3715F0D25082}.Release|Any CPU.ActiveCfg = Release|Any CPU
		{1B7D9C37-1C51-4552-A881-3715F0D25082}.Release|Any CPU.Build.0 = Release|Any CPU
		{F192FBD9-2AF7-4F94-8AD0-FD42D05CD92B}.Debug|Any CPU.ActiveCfg = Debug|Any CPU
		{F192FBD9-2AF7-4F94-8AD0-FD42D05CD92B}.Debug|Any CPU.Build.0 = Debug|Any CPU
		{F192FBD9-2AF7-4F94-8AD0-FD42D05CD92B}.Release|Any CPU.ActiveCfg = Release|Any CPU
		{F192FBD9-2AF7-4F94-8AD0-FD42D05CD92B}.Release|Any CPU.Build.0 = Release|Any CPU
		{D2ACA49E-5FFF-4D2C-92F3-D664723F9DC3}.Debug|Any CPU.ActiveCfg = Debug|Any CPU
		{D2ACA49E-5FFF-4D2C-92F3-D664723F9DC3}.Debug|Any CPU.Build.0 = Debug|Any CPU
		{D2ACA49E-5FFF-4D2C-92F3-D664723F9DC3}.Release|Any CPU.ActiveCfg = Release|Any CPU
		{D2ACA49E-5FFF-4D2C-92F3-D664723F9DC3}.Release|Any CPU.Build.0 = Release|Any CPU
		{5F0DBE2C-7DDD-4C78-8C7F-CDD1D16BF902}.Debug|Any CPU.ActiveCfg = Debug|Any CPU
		{5F0DBE2C-7DDD-4C78-8C7F-CDD1D16BF902}.Debug|Any CPU.Build.0 = Debug|Any CPU
		{5F0DBE2C-7DDD-4C78-8C7F-CDD1D16BF902}.Release|Any CPU.ActiveCfg = Release|Any CPU
		{5F0DBE2C-7DDD-4C78-8C7F-CDD1D16BF902}.Release|Any CPU.Build.0 = Release|Any CPU
		{84DD735B-3874-4F1B-A2D5-EFC90B478FF4}.Debug|Any CPU.ActiveCfg = Debug|Any CPU
		{84DD735B-3874-4F1B-A2D5-EFC90B478FF4}.Debug|Any CPU.Build.0 = Debug|Any CPU
		{84DD735B-3874-4F1B-A2D5-EFC90B478FF4}.Release|Any CPU.ActiveCfg = Release|Any CPU
		{84DD735B-3874-4F1B-A2D5-EFC90B478FF4}.Release|Any CPU.Build.0 = Release|Any CPU
		{A4CD90D6-03B6-404D-B1EF-25F88864C6EB}.Debug|Any CPU.ActiveCfg = Debug|Any CPU
		{A4CD90D6-03B6-404D-B1EF-25F88864C6EB}.Debug|Any CPU.Build.0 = Debug|Any CPU
		{A4CD90D6-03B6-404D-B1EF-25F88864C6EB}.Release|Any CPU.ActiveCfg = Release|Any CPU
		{A4CD90D6-03B6-404D-B1EF-25F88864C6EB}.Release|Any CPU.Build.0 = Release|Any CPU
		{BA9769EE-66FB-42C5-B0FC-B0747B169E33}.Debug|Any CPU.ActiveCfg = Debug|Any CPU
		{BA9769EE-66FB-42C5-B0FC-B0747B169E33}.Debug|Any CPU.Build.0 = Debug|Any CPU
		{BA9769EE-66FB-42C5-B0FC-B0747B169E33}.Release|Any CPU.ActiveCfg = Release|Any CPU
		{BA9769EE-66FB-42C5-B0FC-B0747B169E33}.Release|Any CPU.Build.0 = Release|Any CPU
	EndGlobalSection
	GlobalSection(SolutionProperties) = preSolution
		HideSolutionNode = FALSE
	EndGlobalSection
	GlobalSection(NestedProjects) = preSolution
		{1B7D9C37-1C51-4552-A881-3715F0D25082} = {307457CB-C258-4D1D-A17E-566A8C8DF57F}
		{F192FBD9-2AF7-4F94-8AD0-FD42D05CD92B} = {307457CB-C258-4D1D-A17E-566A8C8DF57F}
		{D2ACA49E-5FFF-4D2C-92F3-D664723F9DC3} = {307457CB-C258-4D1D-A17E-566A8C8DF57F}
		{5F0DBE2C-7DDD-4C78-8C7F-CDD1D16BF902} = {307457CB-C258-4D1D-A17E-566A8C8DF57F}
		{84DD735B-3874-4F1B-A2D5-EFC90B478FF4} = {5CEE840D-BF4B-4C19-9C93-BA472BF508C9}
		{A4CD90D6-03B6-404D-B1EF-25F88864C6EB} = {5CEE840D-BF4B-4C19-9C93-BA472BF508C9}
	EndGlobalSection
	GlobalSection(ExtensibilityGlobals) = postSolution
		SolutionGuid = {BD265230-FAA0-41A8-9F2F-13D7C1A68486}
	EndGlobalSection
EndGlobal
